
Microsoft Visual Studio Solution File, Format Version 12.00
# Visual Studio Version 17
VisualStudioVersion = 17.3.32922.545
MinimumVisualStudioVersion = 10.0.40219.1
Project("{FAE04EC0-301F-11D3-BF4B-00C04F79EFBC}") = "ProjetoFinal", "ProjetoFinal\ProjetoFinal.csproj", "{4CC70A59-A174-4654-9113-CF2B02DD898F}"
EndProject
Global
	GlobalSection(SolutionConfigurationPlatforms) = preSolution
		Debug|Any CPU = Debug|Any CPU
		Release|Any CPU = Release|Any CPU
	EndGlobalSection
	GlobalSection(ProjectConfigurationPlatforms) = postSolution
		{4CC70A59-A174-4654-9113-CF2B02DD898F}.Debug|Any CPU.ActiveCfg = Debug|Any CPU
		{4CC70A59-A174-4654-9113-CF2B02DD898F}.Debug|Any CPU.Build.0 = Debug|Any CPU
		{4CC70A59-A174-4654-9113-CF2B02DD898F}.Release|Any CPU.ActiveCfg = Release|Any CPU
		{4CC70A59-A174-4654-9113-CF2B02DD898F}.Release|Any CPU.Build.0 = Release|Any CPU
	EndGlobalSection
	GlobalSection(SolutionProperties) = preSolution
		HideSolutionNode = FALSE
	EndGlobalSection
	GlobalSection(ExtensibilityGlobals) = postSolution
		SolutionGuid = {369C7D20-F9A6-4EB5-B294-172A7ED82A2D}
	EndGlobalSection
EndGlobal
