
Microsoft Visual Studio Solution File, Format Version 12.00
# Visual Studio Version 17
VisualStudioVersion = 17.3.32922.545
MinimumVisualStudioVersion = 10.0.40219.1
Project("{FAE04EC0-301F-11D3-BF4B-00C04F79EFBC}") = "Aula3", "Aula3\Aula3.csproj", "{81413020-0D67-4DF1-B5F8-9A0943A5C4EA}"
EndProject
Global
	GlobalSection(SolutionConfigurationPlatforms) = preSolution
		Debug|Any CPU = Debug|Any CPU
		Release|Any CPU = Release|Any CPU
	EndGlobalSection
	GlobalSection(ProjectConfigurationPlatforms) = postSolution
		{81413020-0D67-4DF1-B5F8-9A0943A5C4EA}.Debug|Any CPU.ActiveCfg = Debug|Any CPU
		{81413020-0D67-4DF1-B5F8-9A0943A5C4EA}.Debug|Any CPU.Build.0 = Debug|Any CPU
		{81413020-0D67-4DF1-B5F8-9A0943A5C4EA}.Release|Any CPU.ActiveCfg = Release|Any CPU
		{81413020-0D67-4DF1-B5F8-9A0943A5C4EA}.Release|Any CPU.Build.0 = Release|Any CPU
	EndGlobalSection
	GlobalSection(SolutionProperties) = preSolution
		HideSolutionNode = FALSE
	EndGlobalSection
	GlobalSection(ExtensibilityGlobals) = postSolution
		SolutionGuid = {19EB75C1-9738-4E2A-92AB-6F12545E767F}
	EndGlobalSection
EndGlobal
