
Microsoft Visual Studio Solution File, Format Version 12.00
# Visual Studio Version 17
VisualStudioVersion = 17.3.32922.545
MinimumVisualStudioVersion = 10.0.40219.1
Project("{9A19103F-16F7-4668-BE54-9A1E7A4F7556}") = "Aula1Csharp", "Aula1Csharp\Aula1Csharp.csproj", "{A4788A6F-698B-4F61-A54D-488A6F8203BF}"
EndProject
Project("{FAE04EC0-301F-11D3-BF4B-00C04F79EFBC}") = "Aula1Exerc2", "Aula1Exerc2\Aula1Exerc2.csproj", "{85735BB7-CC8F-40CC-B831-BEDCE201211E}"
EndProject
Global
	GlobalSection(SolutionConfigurationPlatforms) = preSolution
		Debug|Any CPU = Debug|Any CPU
		Release|Any CPU = Release|Any CPU
	EndGlobalSection
	GlobalSection(ProjectConfigurationPlatforms) = postSolution
		{A4788A6F-698B-4F61-A54D-488A6F8203BF}.Debug|Any CPU.ActiveCfg = Debug|Any CPU
		{A4788A6F-698B-4F61-A54D-488A6F8203BF}.Debug|Any CPU.Build.0 = Debug|Any CPU
		{A4788A6F-698B-4F61-A54D-488A6F8203BF}.Release|Any CPU.ActiveCfg = Release|Any CPU
		{A4788A6F-698B-4F61-A54D-488A6F8203BF}.Release|Any CPU.Build.0 = Release|Any CPU
		{85735BB7-CC8F-40CC-B831-BEDCE201211E}.Debug|Any CPU.ActiveCfg = Debug|Any CPU
		{85735BB7-CC8F-40CC-B831-BEDCE201211E}.Debug|Any CPU.Build.0 = Debug|Any CPU
		{85735BB7-CC8F-40CC-B831-BEDCE201211E}.Release|Any CPU.ActiveCfg = Release|Any CPU
		{85735BB7-CC8F-40CC-B831-BEDCE201211E}.Release|Any CPU.Build.0 = Release|Any CPU
	EndGlobalSection
	GlobalSection(SolutionProperties) = preSolution
		HideSolutionNode = FALSE
	EndGlobalSection
	GlobalSection(ExtensibilityGlobals) = postSolution
		SolutionGuid = {11E7B052-9D91-4CB8-8DB8-67ED12EAA1EC}
	EndGlobalSection
EndGlobal
